// !$*UTF8*$!
{
	archiveVersion = 1;
	classes = {
	};
	objectVersion = 46;
	objects = {

/* Begin PBXBuildFile section */
		7569A5DC1916BD890034D8C4 /* Foundation.framework in Frameworks */ = {isa = PBXBuildFile; fileRef = 7569A5DB1916BD890034D8C4 /* Foundation.framework */; };
		7569A5DE1916BD890034D8C4 /* CoreGraphics.framework in Frameworks */ = {isa = PBXBuildFile; fileRef = 7569A5DD1916BD890034D8C4 /* CoreGraphics.framework */; };
		7569A5E01916BD890034D8C4 /* UIKit.framework in Frameworks */ = {isa = PBXBuildFile; fileRef = 7569A5DF1916BD890034D8C4 /* UIKit.framework */; };
		7569A5E61916BD890034D8C4 /* InfoPlist.strings in Resources */ = {isa = PBXBuildFile; fileRef = 7569A5E41916BD890034D8C4 /* InfoPlist.strings */; };
		7569A5E81916BD890034D8C4 /* main.m in Sources */ = {isa = PBXBuildFile; fileRef = 7569A5E71916BD890034D8C4 /* main.m */; };
		7569A5EC1916BD890034D8C4 /* WBAppDelegate.m in Sources */ = {isa = PBXBuildFile; fileRef = 7569A5EB1916BD890034D8C4 /* WBAppDelegate.m */; };
		7569A5EE1916BD890034D8C4 /* Images.xcassets in Resources */ = {isa = PBXBuildFile; fileRef = 7569A5ED1916BD890034D8C4 /* Images.xcassets */; };
		7569A5F51916BD890034D8C4 /* XCTest.framework in Frameworks */ = {isa = PBXBuildFile; fileRef = 7569A5F41916BD890034D8C4 /* XCTest.framework */; };
		7569A5F61916BD890034D8C4 /* Foundation.framework in Frameworks */ = {isa = PBXBuildFile; fileRef = 7569A5DB1916BD890034D8C4 /* Foundation.framework */; };
		7569A5F71916BD890034D8C4 /* UIKit.framework in Frameworks */ = {isa = PBXBuildFile; fileRef = 7569A5DF1916BD890034D8C4 /* UIKit.framework */; };
		7569A5FF1916BD890034D8C4 /* InfoPlist.strings in Resources */ = {isa = PBXBuildFile; fileRef = 7569A5FD1916BD890034D8C4 /* InfoPlist.strings */; };
		7569A6011916BD890034D8C4 /* ToDoListTests.m in Sources */ = {isa = PBXBuildFile; fileRef = 7569A6001916BD890034D8C4 /* ToDoListTests.m */; };
		7569A60B1916BDD30034D8C4 /* Main.storyboard in Resources */ = {isa = PBXBuildFile; fileRef = 7569A60A1916BDD30034D8C4 /* Main.storyboard */; };
		7569A613191912E10034D8C4 /* WBAddToDoItemViewController.m in Sources */ = {isa = PBXBuildFile; fileRef = 7569A612191912E10034D8C4 /* WBAddToDoItemViewController.m */; };
		7569A6161919142A0034D8C4 /* WBToDoListTableViewController.m in Sources */ = {isa = PBXBuildFile; fileRef = 7569A6151919142A0034D8C4 /* WBToDoListTableViewController.m */; };
		7569A619191922590034D8C4 /* WBToDoItem.m in Sources */ = {isa = PBXBuildFile; fileRef = 7569A618191922590034D8C4 /* WBToDoItem.m */; };
/* End PBXBuildFile section */

/* Begin PBXContainerItemProxy section */
		7569A5F81916BD890034D8C4 /* PBXContainerItemProxy */ = {
			isa = PBXContainerItemProxy;
			containerPortal = 7569A5D01916BD890034D8C4 /* Project object */;
			proxyType = 1;
			remoteGlobalIDString = 7569A5D71916BD890034D8C4;
			remoteInfo = ToDoList;
		};
/* End PBXContainerItemProxy section */

/* Begin PBXFileReference section */
		7569A5D81916BD890034D8C4 /* ToDoList.app */ = {isa = PBXFileReference; explicitFileType = wrapper.application; includeInIndex = 0; path = ToDoList.app; sourceTree = BUILT_PRODUCTS_DIR; };
		7569A5DB1916BD890034D8C4 /* Foundation.framework */ = {isa = PBXFileReference; lastKnownFileType = wrapper.framework; name = Foundation.framework; path = System/Library/Frameworks/Foundation.framework; sourceTree = SDKROOT; };
		7569A5DD1916BD890034D8C4 /* CoreGraphics.framework */ = {isa = PBXFileReference; lastKnownFileType = wrapper.framework; name = CoreGraphics.framework; path = System/Library/Frameworks/CoreGraphics.framework; sourceTree = SDKROOT; };
		7569A5DF1916BD890034D8C4 /* UIKit.framework */ = {isa = PBXFileReference; lastKnownFileType = wrapper.framework; name = UIKit.framework; path = System/Library/Frameworks/UIKit.framework; sourceTree = SDKROOT; };
		7569A5E31916BD890034D8C4 /* ToDoList-Info.plist */ = {isa = PBXFileReference; lastKnownFileType = text.plist.xml; path = "ToDoList-Info.plist"; sourceTree = "<group>"; };
		7569A5E51916BD890034D8C4 /* en */ = {isa = PBXFileReference; lastKnownFileType = text.plist.strings; name = en; path = en.lproj/InfoPlist.strings; sourceTree = "<group>"; };
		7569A5E71916BD890034D8C4 /* main.m */ = {isa = PBXFileReference; lastKnownFileType = sourcecode.c.objc; path = main.m; sourceTree = "<group>"; };
		7569A5E91916BD890034D8C4 /* ToDoList-Prefix.pch */ = {isa = PBXFileReference; lastKnownFileType = sourcecode.c.h; path = "ToDoList-Prefix.pch"; sourceTree = "<group>"; };
		7569A5EA1916BD890034D8C4 /* WBAppDelegate.h */ = {isa = PBXFileReference; lastKnownFileType = sourcecode.c.h; path = WBAppDelegate.h; sourceTree = "<group>"; };
		7569A5EB1916BD890034D8C4 /* WBAppDelegate.m */ = {isa = PBXFileReference; lastKnownFileType = sourcecode.c.objc; path = WBAppDelegate.m; sourceTree = "<group>"; };
		7569A5ED1916BD890034D8C4 /* Images.xcassets */ = {isa = PBXFileReference; lastKnownFileType = folder.assetcatalog; path = Images.xcassets; sourceTree = "<group>"; };
		7569A5F31916BD890034D8C4 /* ToDoListTests.xctest */ = {isa = PBXFileReference; explicitFileType = wrapper.cfbundle; includeInIndex = 0; path = ToDoListTests.xctest; sourceTree = BUILT_PRODUCTS_DIR; };
		7569A5F41916BD890034D8C4 /* XCTest.framework */ = {isa = PBXFileReference; lastKnownFileType = wrapper.framework; name = XCTest.framework; path = Library/Frameworks/XCTest.framework; sourceTree = DEVELOPER_DIR; };
		7569A5FC1916BD890034D8C4 /* ToDoListTests-Info.plist */ = {isa = PBXFileReference; lastKnownFileType = text.plist.xml; path = "ToDoListTests-Info.plist"; sourceTree = "<group>"; };
		7569A5FE1916BD890034D8C4 /* en */ = {isa = PBXFileReference; lastKnownFileType = text.plist.strings; name = en; path = en.lproj/InfoPlist.strings; sourceTree = "<group>"; };
		7569A6001916BD890034D8C4 /* ToDoListTests.m */ = {isa = PBXFileReference; lastKnownFileType = sourcecode.c.objc; path = ToDoListTests.m; sourceTree = "<group>"; };
		7569A60A1916BDD30034D8C4 /* Main.storyboard */ = {isa = PBXFileReference; fileEncoding = 4; lastKnownFileType = file.storyboard; path = Main.storyboard; sourceTree = "<group>"; };
		7569A611191912E10034D8C4 /* WBAddToDoItemViewController.h */ = {isa = PBXFileReference; fileEncoding = 4; lastKnownFileType = sourcecode.c.h; path = WBAddToDoItemViewController.h; sourceTree = "<group>"; };
		7569A612191912E10034D8C4 /* WBAddToDoItemViewController.m */ = {isa = PBXFileReference; fileEncoding = 4; lastKnownFileType = sourcecode.c.objc; path = WBAddToDoItemViewController.m; sourceTree = "<group>"; };
		7569A6141919142A0034D8C4 /* WBToDoListTableViewController.h */ = {isa = PBXFileReference; fileEncoding = 4; lastKnownFileType = sourcecode.c.h; path = WBToDoListTableViewController.h; sourceTree = "<group>"; };
		7569A6151919142A0034D8C4 /* WBToDoListTableViewController.m */ = {isa = PBXFileReference; fileEncoding = 4; lastKnownFileType = sourcecode.c.objc; path = WBToDoListTableViewController.m; sourceTree = "<group>"; };
		7569A617191922590034D8C4 /* WBToDoItem.h */ = {isa = PBXFileReference; fileEncoding = 4; lastKnownFileType = sourcecode.c.h; path = WBToDoItem.h; sourceTree = "<group>"; };
		7569A618191922590034D8C4 /* WBToDoItem.m */ = {isa = PBXFileReference; fileEncoding = 4; lastKnownFileType = sourcecode.c.objc; path = WBToDoItem.m; sourceTree = "<group>"; };
/* End PBXFileReference section */

/* Begin PBXFrameworksBuildPhase section */
		7569A5D51916BD890034D8C4 /* Frameworks */ = {
			isa = PBXFrameworksBuildPhase;
			buildActionMask = 2147483647;
			files = (
				7569A5DE1916BD890034D8C4 /* CoreGraphics.framework in Frameworks */,
				7569A5E01916BD890034D8C4 /* UIKit.framework in Frameworks */,
				7569A5DC1916BD890034D8C4 /* Foundation.framework in Frameworks */,
			);
			runOnlyForDeploymentPostprocessing = 0;
		};
		7569A5F01916BD890034D8C4 /* Frameworks */ = {
			isa = PBXFrameworksBuildPhase;
			buildActionMask = 2147483647;
			files = (
				7569A5F51916BD890034D8C4 /* XCTest.framework in Frameworks */,
				7569A5F71916BD890034D8C4 /* UIKit.framework in Frameworks */,
				7569A5F61916BD890034D8C4 /* Foundation.framework in Frameworks */,
			);
			runOnlyForDeploymentPostprocessing = 0;
		};
/* End PBXFrameworksBuildPhase section */

/* Begin PBXGroup section */
		7569A5CF1916BD890034D8C4 = {
			isa = PBXGroup;
			children = (
				7569A5E11916BD890034D8C4 /* ToDoList */,
				7569A5FA1916BD890034D8C4 /* ToDoListTests */,
				7569A5DA1916BD890034D8C4 /* Frameworks */,
				7569A5D91916BD890034D8C4 /* Products */,
			);
			sourceTree = "<group>";
		};
		7569A5D91916BD890034D8C4 /* Products */ = {
			isa = PBXGroup;
			children = (
				7569A5D81916BD890034D8C4 /* ToDoList.app */,
				7569A5F31916BD890034D8C4 /* ToDoListTests.xctest */,
			);
			name = Products;
			sourceTree = "<group>";
		};
		7569A5DA1916BD890034D8C4 /* Frameworks */ = {
			isa = PBXGroup;
			children = (
				7569A5DB1916BD890034D8C4 /* Foundation.framework */,
				7569A5DD1916BD890034D8C4 /* CoreGraphics.framework */,
				7569A5DF1916BD890034D8C4 /* UIKit.framework */,
				7569A5F41916BD890034D8C4 /* XCTest.framework */,
			);
			name = Frameworks;
			sourceTree = "<group>";
		};
		7569A5E11916BD890034D8C4 /* ToDoList */ = {
			isa = PBXGroup;
			children = (
				7569A60A1916BDD30034D8C4 /* Main.storyboard */,
				7569A611191912E10034D8C4 /* WBAddToDoItemViewController.h */,
				7569A612191912E10034D8C4 /* WBAddToDoItemViewController.m */,
				7569A6141919142A0034D8C4 /* WBToDoListTableViewController.h */,
				7569A6151919142A0034D8C4 /* WBToDoListTableViewController.m */,
				7569A617191922590034D8C4 /* WBToDoItem.h */,
				7569A618191922590034D8C4 /* WBToDoItem.m */,
				7569A5EA1916BD890034D8C4 /* WBAppDelegate.h */,
				7569A5EB1916BD890034D8C4 /* WBAppDelegate.m */,
				7569A5ED1916BD890034D8C4 /* Images.xcassets */,
				7569A5E21916BD890034D8C4 /* Supporting Files */,
			);
			path = ToDoList;
			sourceTree = "<group>";
		};
		7569A5E21916BD890034D8C4 /* Supporting Files */ = {
			isa = PBXGroup;
			children = (
				7569A5E31916BD890034D8C4 /* ToDoList-Info.plist */,
				7569A5E41916BD890034D8C4 /* InfoPlist.strings */,
				7569A5E71916BD890034D8C4 /* main.m */,
				7569A5E91916BD890034D8C4 /* ToDoList-Prefix.pch */,
			);
			name = "Supporting Files";
			sourceTree = "<group>";
		};
		7569A5FA1916BD890034D8C4 /* ToDoListTests */ = {
			isa = PBXGroup;
			children = (
				7569A6001916BD890034D8C4 /* ToDoListTests.m */,
				7569A5FB1916BD890034D8C4 /* Supporting Files */,
			);
			path = ToDoListTests;
			sourceTree = "<group>";
		};
		7569A5FB1916BD890034D8C4 /* Supporting Files */ = {
			isa = PBXGroup;
			children = (
				7569A5FC1916BD890034D8C4 /* ToDoListTests-Info.plist */,
				7569A5FD1916BD890034D8C4 /* InfoPlist.strings */,
			);
			name = "Supporting Files";
			sourceTree = "<group>";
		};
/* End PBXGroup section */

/* Begin PBXNativeTarget section */
		7569A5D71916BD890034D8C4 /* ToDoList */ = {
			isa = PBXNativeTarget;
			buildConfigurationList = 7569A6041916BD890034D8C4 /* Build configuration list for PBXNativeTarget "ToDoList" */;
			buildPhases = (
				7569A5D41916BD890034D8C4 /* Sources */,
				7569A5D51916BD890034D8C4 /* Frameworks */,
				7569A5D61916BD890034D8C4 /* Resources */,
			);
			buildRules = (
			);
			dependencies = (
			);
			name = ToDoList;
			productName = ToDoList;
			productReference = 7569A5D81916BD890034D8C4 /* ToDoList.app */;
			productType = "com.apple.product-type.application";
		};
		7569A5F21916BD890034D8C4 /* ToDoListTests */ = {
			isa = PBXNativeTarget;
			buildConfigurationList = 7569A6071916BD890034D8C4 /* Build configuration list for PBXNativeTarget "ToDoListTests" */;
			buildPhases = (
				7569A5EF1916BD890034D8C4 /* Sources */,
				7569A5F01916BD890034D8C4 /* Frameworks */,
				7569A5F11916BD890034D8C4 /* Resources */,
			);
			buildRules = (
			);
			dependencies = (
				7569A5F91916BD890034D8C4 /* PBXTargetDependency */,
			);
			name = ToDoListTests;
			productName = ToDoListTests;
			productReference = 7569A5F31916BD890034D8C4 /* ToDoListTests.xctest */;
			productType = "com.apple.product-type.bundle.unit-test";
		};
/* End PBXNativeTarget section */

/* Begin PBXProject section */
		7569A5D01916BD890034D8C4 /* Project object */ = {
			isa = PBXProject;
			attributes = {
				CLASSPREFIX = WB;
				LastUpgradeCheck = 0510;
				ORGANIZATIONNAME = WorldBeautiful;
				TargetAttributes = {
					7569A5F21916BD890034D8C4 = {
						TestTargetID = 7569A5D71916BD890034D8C4;
					};
				};
			};
			buildConfigurationList = 7569A5D31916BD890034D8C4 /* Build configuration list for PBXProject "ToDoList" */;
			compatibilityVersion = "Xcode 3.2";
			developmentRegion = English;
			hasScannedForEncodings = 0;
			knownRegions = (
				en,
			);
			mainGroup = 7569A5CF1916BD890034D8C4;
			productRefGroup = 7569A5D91916BD890034D8C4 /* Products */;
			projectDirPath = "";
			projectRoot = "";
			targets = (
				7569A5D71916BD890034D8C4 /* ToDoList */,
				7569A5F21916BD890034D8C4 /* ToDoListTests */,
			);
		};
/* End PBXProject section */

/* Begin PBXResourcesBuildPhase section */
		7569A5D61916BD890034D8C4 /* Resources */ = {
			isa = PBXResourcesBuildPhase;
			buildActionMask = 2147483647;
			files = (
				7569A60B1916BDD30034D8C4 /* Main.storyboard in Resources */,
				7569A5E61916BD890034D8C4 /* InfoPlist.strings in Resources */,
				7569A5EE1916BD890034D8C4 /* Images.xcassets in Resources */,
			);
			runOnlyForDeploymentPostprocessing = 0;
		};
		7569A5F11916BD890034D8C4 /* Resources */ = {
			isa = PBXResourcesBuildPhase;
			buildActionMask = 2147483647;
			files = (
				7569A5FF1916BD890034D8C4 /* InfoPlist.strings in Resources */,
			);
			runOnlyForDeploymentPostprocessing = 0;
		};
/* End PBXResourcesBuildPhase section */

/* Begin PBXSourcesBuildPhase section */
		7569A5D41916BD890034D8C4 /* Sources */ = {
			isa = PBXSourcesBuildPhase;
			buildActionMask = 2147483647;
			files = (
				7569A6161919142A0034D8C4 /* WBToDoListTableViewController.m in Sources */,
				7569A619191922590034D8C4 /* WBToDoItem.m in Sources */,
				7569A613191912E10034D8C4 /* WBAddToDoItemViewController.m in Sources */,
				7569A5E81916BD890034D8C4 /* main.m in Sources */,
				7569A5EC1916BD890034D8C4 /* WBAppDelegate.m in Sources */,
			);
			runOnlyForDeploymentPostprocessing = 0;
		};
		7569A5EF1916BD890034D8C4 /* Sources */ = {
			isa = PBXSourcesBuildPhase;
			buildActionMask = 2147483647;
			files = (
				7569A6011916BD890034D8C4 /* ToDoListTests.m in Sources */,
			);
			runOnlyForDeploymentPostprocessing = 0;
		};
/* End PBXSourcesBuildPhase section */

/* Begin PBXTargetDependency section */
		7569A5F91916BD890034D8C4 /* PBXTargetDependency */ = {
			isa = PBXTargetDependency;
			target = 7569A5D71916BD890034D8C4 /* ToDoList */;
			targetProxy = 7569A5F81916BD890034D8C4 /* PBXContainerItemProxy */;
		};
/* End PBXTargetDependency section */

/* Begin PBXVariantGroup section */
		7569A5E41916BD890034D8C4 /* InfoPlist.strings */ = {
			isa = PBXVariantGroup;
			children = (
				7569A5E51916BD890034D8C4 /* en */,
			);
			name = InfoPlist.strings;
			sourceTree = "<group>";
		};
		7569A5FD1916BD890034D8C4 /* InfoPlist.strings */ = {
			isa = PBXVariantGroup;
			children = (
				7569A5FE1916BD890034D8C4 /* en */,
			);
			name = InfoPlist.strings;
			sourceTree = "<group>";
		};
/* End PBXVariantGroup section */

/* Begin XCBuildConfiguration section */
		7569A6021916BD890034D8C4 /* Debug */ = {
			isa = XCBuildConfiguration;
			buildSettings = {
				ALWAYS_SEARCH_USER_PATHS = NO;
				CLANG_CXX_LANGUAGE_STANDARD = "gnu++0x";
				CLANG_CXX_LIBRARY = "libc++";
				CLANG_ENABLE_MODULES = YES;
				CLANG_ENABLE_OBJC_ARC = YES;
				CLANG_WARN_BOOL_CONVERSION = YES;
				CLANG_WARN_CONSTANT_CONVERSION = YES;
				CLANG_WARN_DIRECT_OBJC_ISA_USAGE = YES_ERROR;
				CLANG_WARN_EMPTY_BODY = YES;
				CLANG_WARN_ENUM_CONVERSION = YES;
				CLANG_WARN_INT_CONVERSION = YES;
				CLANG_WARN_OBJC_ROOT_CLASS = YES_ERROR;
				CLANG_WARN__DUPLICATE_METHOD_MATCH = YES;
				"CODE_SIGN_IDENTITY[sdk=iphoneos*]" = "iPhone Developer";
				COPY_PHASE_STRIP = NO;
				GCC_C_LANGUAGE_STANDARD = gnu99;
				GCC_DYNAMIC_NO_PIC = NO;
				GCC_OPTIMIZATION_LEVEL = 0;
				GCC_PREPROCESSOR_DEFINITIONS = (
					"DEBUG=1",
					"$(inherited)",
				);
				GCC_SYMBOLS_PRIVATE_EXTERN = NO;
				GCC_WARN_64_TO_32_BIT_CONVERSION = YES;
				GCC_WARN_ABOUT_RETURN_TYPE = YES_ERROR;
				GCC_WARN_UNDECLARED_SELECTOR = YES;
				GCC_WARN_UNINITIALIZED_AUTOS = YES_AGGRESSIVE;
				GCC_WARN_UNUSED_FUNCTION = YES;
				GCC_WARN_UNUSED_VARIABLE = YES;
				IPHONEOS_DEPLOYMENT_TARGET = 7.1;
				ONLY_ACTIVE_ARCH = YES;
				SDKROOT = iphoneos;
			};
			name = Debug;
		};
		7569A6031916BD890034D8C4 /* Release */ = {
			isa = XCBuildConfiguration;
			buildSettings = {
				ALWAYS_SEARCH_USER_PATHS = NO;
				CLANG_CXX_LANGUAGE_STANDARD = "gnu++0x";
				CLANG_CXX_LIBRARY = "libc++";
				CLANG_ENABLE_MODULES = YES;
				CLANG_ENABLE_OBJC_ARC = YES;
				CLANG_WARN_BOOL_CONVERSION = YES;
				CLANG_WARN_CONSTANT_CONVERSION = YES;
				CLANG_WARN_DIRECT_OBJC_ISA_USAGE = YES_ERROR;
				CLANG_WARN_EMPTY_BODY = YES;
				CLANG_WARN_ENUM_CONVERSION = YES;
				CLANG_WARN_INT_CONVERSION = YES;
				CLANG_WARN_OBJC_ROOT_CLASS = YES_ERROR;
				CLANG_WARN__DUPLICATE_METHOD_MATCH = YES;
				"CODE_SIGN_IDENTITY[sdk=iphoneos*]" = "iPhone Developer";
				COPY_PHASE_STRIP = YES;
				ENABLE_NS_ASSERTIONS = NO;
				GCC_C_LANGUAGE_STANDARD = gnu99;
				GCC_WARN_64_TO_32_BIT_CONVERSION = YES;
				GCC_WARN_ABOUT_RETURN_TYPE = YES_ERROR;
				GCC_WARN_UNDECLARED_SELECTOR = YES;
				GCC_WARN_UNINITIALIZED_AUTOS = YES_AGGRESSIVE;
				GCC_WARN_UNUSED_FUNCTION = YES;
				GCC_WARN_UNUSED_VARIABLE = YES;
				IPHONEOS_DEPLOYMENT_TARGET = 7.1;
				SDKROOT = iphoneos;
				VALIDATE_PRODUCT = YES;
			};
			name = Release;
		};
		7569A6051916BD890034D8C4 /* Debug */ = {
			isa = XCBuildConfiguration;
			buildSettings = {
				ASSETCATALOG_COMPILER_APPICON_NAME = AppIcon;
				ASSETCATALOG_COMPILER_LAUNCHIMAGE_NAME = LaunchImage;
				GCC_PRECOMPILE_PREFIX_HEADER = YES;
				GCC_PREFIX_HEADER = "ToDoList/ToDoList-Prefix.pch";
				INFOPLIST_FILE = "ToDoList/ToDoList-Info.plist";
				PRODUCT_NAME = "$(TARGET_NAME)";
				WRAPPER_EXTENSION = app;
			};
			name = Debug;
		};
		7569A6061916BD890034D8C4 /* Release */ = {
			isa = XCBuildConfiguration;
			buildSettings = {
				ASSETCATALOG_COMPILER_APPICON_NAME = AppIcon;
				ASSETCATALOG_COMPILER_LAUNCHIMAGE_NAME = LaunchImage;
				GCC_PRECOMPILE_PREFIX_HEADER = YES;
				GCC_PREFIX_HEADER = "ToDoList/ToDoList-Prefix.pch";
				INFOPLIST_FILE = "ToDoList/ToDoList-Info.plist";
				PRODUCT_NAME = "$(TARGET_NAME)";
				WRAPPER_EXTENSION = app;
			};
			name = Release;
		};
		7569A6081916BD890034D8C4 /* Debug */ = {
			isa = XCBuildConfiguration;
			buildSettings = {
				BUNDLE_LOADER = "$(BUILT_PRODUCTS_DIR)/ToDoList.app/ToDoList";
				FRAMEWORK_SEARCH_PATHS = (
					"$(SDKROOT)/Developer/Library/Frameworks",
					"$(inherited)",
					"$(DEVELOPER_FRAMEWORKS_DIR)",
				);
				GCC_PRECOMPILE_PREFIX_HEADER = YES;
				GCC_PREFIX_HEADER = "ToDoList/ToDoList-Prefix.pch";
				GCC_PREPROCESSOR_DEFINITIONS = (
					"DEBUG=1",
					"$(inherited)",
				);
				INFOPLIST_FILE = "ToDoListTests/ToDoListTests-Info.plist";
				PRODUCT_NAME = "$(TARGET_NAME)";
				TEST_HOST = "$(BUNDLE_LOADER)";
				WRAPPER_EXTENSION = xctest;
			};
			name = Debug;
		};
		7569A6091916BD890034D8C4 /* Release */ = {
			isa = XCBuildConfiguration;
			buildSettings = {
				BUNDLE_LOADER = "$(BUILT_PRODUCTS_DIR)/ToDoList.app/ToDoList";
				FRAMEWORK_SEARCH_PATHS = (
					"$(SDKROOT)/Developer/Library/Frameworks",
					"$(inherited)",
					"$(DEVELOPER_FRAMEWORKS_DIR)",
				);
				GCC_PRECOMPILE_PREFIX_HEADER = YES;
				GCC_PREFIX_HEADER = "ToDoList/ToDoList-Prefix.pch";
				INFOPLIST_FILE = "ToDoListTests/ToDoListTests-Info.plist";
				PRODUCT_NAME = "$(TARGET_NAME)";
				TEST_HOST = "$(BUNDLE_LOADER)";
				WRAPPER_EXTENSION = xctest;
			};
			name = Release;
		};
/* End XCBuildConfiguration section */

/* Begin XCConfigurationList section */
		7569A5D31916BD890034D8C4 /* Build configuration list for PBXProject "ToDoList" */ = {
			isa = XCConfigurationList;
			buildConfigurations = (
				7569A6021916BD890034D8C4 /* Debug */,
				7569A6031916BD890034D8C4 /* Release */,
			);
			defaultConfigurationIsVisible = 0;
			defaultConfigurationName = Release;
		};
		7569A6041916BD890034D8C4 /* Build configuration list for PBXNativeTarget "ToDoList" */ = {
			isa = XCConfigurationList;
			buildConfigurations = (
				7569A6051916BD890034D8C4 /* Debug */,
				7569A6061916BD890034D8C4 /* Release */,
			);
			defaultConfigurationIsVisible = 0;
			defaultConfigurationName = Release;
		};
		7569A6071916BD890034D8C4 /* Build configuration list for PBXNativeTarget "ToDoListTests" */ = {
			isa = XCConfigurationList;
			buildConfigurations = (
				7569A6081916BD890034D8C4 /* Debug */,
				7569A6091916BD890034D8C4 /* Release */,
			);
			defaultConfigurationIsVisible = 0;
			defaultConfigurationName = Release;
		};
/* End XCConfigurationList section */
	};
	rootObject = 7569A5D01916BD890034D8C4 /* Project object */;
}
